{
  "name": "q.streams",
  "version": "1.0.0",
  "lockfileVersion": 1,
  "requires": true,
  "dependencies": {
    "@twilio/sip.js": {
      "version": "0.7.7",
      "resolved": "https://registry.npmjs.org/@twilio/sip.js/-/sip.js-0.7.7.tgz",
      "integrity": "sha1-z/UPZvmyldRvIZc3tyeAx9Dm31I="
    },
    "@twilio/webrtc": {
      "version": "2.3.0",
      "resolved": "https://registry.npmjs.org/@twilio/webrtc/-/webrtc-2.3.0.tgz",
      "integrity": "sha512-K6hVtd7gqPLn07EpL72w8ULQIJt0STAP0eQ99rNXJrR9RGrAQiMKhIZsORYPqfhrOwzDW0et8Y8alTlXmfjgeA=="
    },
    "async-limiter": {
      "version": "1.0.0",
      "resolved": "https://registry.npmjs.org/async-limiter/-/async-limiter-1.0.0.tgz",
      "integrity": "sha512-jp/uFnooOiO+L211eZOoSyzpOITMXx1rBITauYykG3BRYPu8h0UcxsPNB04RR5vo4Tyz3+ay17tR6JVf9qzYWg=="
    },
    "requirejs": {
      "version": "2.3.6",
      "resolved": "https://registry.npmjs.org/requirejs/-/requirejs-2.3.6.tgz",
      "integrity": "sha512-ipEzlWQe6RK3jkzikgCupiTbTvm4S0/CAU5GlgptkN5SO6F3u0UD0K18wy6ErDqiCyP4J4YYe1HuAShvsxePLg=="
    },
    "safe-buffer": {
      "version": "5.1.2",
      "resolved": "https://registry.npmjs.org/safe-buffer/-/safe-buffer-5.1.2.tgz",
      "integrity": "sha512-Gd2UZBJDkXlY7GbJxfsE8/nvKkUEU1G38c1siN6QP6a9PT9MmHB8GnpscSmMJSoF8LOIrt8ud/wPtojys4G6+g=="
    },
    "twilio-video": {
      "version": "1.16.0",
      "resolved": "https://registry.npmjs.org/twilio-video/-/twilio-video-1.16.0.tgz",
      "integrity": "sha512-0CSdL4Ea9q+/zFAtvfj1rqWGIdKTE1wa4xlBvCLOlF0Zy6qnKsOwu/INTXGmnKZMcboQ2hkTd3z+3RO9Db+K8g==",
      "requires": {
        "@twilio/sip.js": "^0.7.7",
        "@twilio/webrtc": "2.3.0",
        "ws": "^3.3.1",
        "xmlhttprequest": "^1.8.0"
      }
    },
    "ultron": {
      "version": "1.1.1",
      "resolved": "https://registry.npmjs.org/ultron/-/ultron-1.1.1.tgz",
      "integrity": "sha512-UIEXBNeYmKptWH6z8ZnqTeS8fV74zG0/eRU9VGkpzz+LIJNs8W/zM/L+7ctCkRrgbNnnR0xxw4bKOr0cW0N0Og=="
    },
    "ws": {
      "version": "3.3.3",
      "resolved": "https://registry.npmjs.org/ws/-/ws-3.3.3.tgz",
      "integrity": "sha512-nnWLa/NwZSt4KQJu51MYlCcSQ5g7INpOrOMt4XV8j4dqTXdmlUmSHQ8/oLC069ckre0fRsgfvsKwbTdtKLCDkA==",
      "requires": {
        "async-limiter": "~1.0.0",
        "safe-buffer": "~5.1.0",
        "ultron": "~1.1.0"
      }
    },
    "xmlhttprequest": {
      "version": "1.8.0",
      "resolved": "https://registry.npmjs.org/xmlhttprequest/-/xmlhttprequest-1.8.0.tgz",
      "integrity": "sha1-Z/4HXFwk/vOfnWX197f+dRcZaPw="
    }
  }
}
